PODS:
  - Braintree (6.11.0):
    - Braintree/Card (= 6.11.0)
    - Braintree/Core (= 6.11.0)
    - Braintree/PayPal (= 6.11.0)
  - Braintree/Card (6.11.0):
    - Braintree/Core
  - Braintree/Core (6.11.0)
  - Braintree/DataCollector (6.11.0):
    - Braintree/Core
  - Braintree/PayPal (6.11.0):
    - Braintree/Core
    - Braintree/DataCollector
  - Flutter (1.0.0)
  - flutter_braintree (0.3.0):
    - Braintree (~> 6.11)
    - Flutter

DEPENDENCIES:
  - Flutter (from `Flutter`)
  - flutter_braintree (from `.symlinks/plugins/flutter_braintree/ios`)

SPEC REPOS:
  trunk:
    - Braintree

EXTERNAL SOURCES:
  Flutter:
    :path: Flutter
  flutter_braintree:
    :path: ".symlinks/plugins/flutter_braintree/ios"

SPEC CHECKSUMS:
  Braintree: d3f5069f0004dd937bff32ab0cfac0b011f48c10
  Flutter: f04841e97a9d0b0a8025694d0796dd46242b2854
  flutter_braintree: 348387f46bfb6e11d785f4627579e4f780ed8809

PODFILE CHECKSUM: 401175e09489b2edd7f48a44abba94689f817630

COCOAPODS: 1.14.3
