PODS:
  - Braintree (5.23.0):
    - Braintree/Card (= 5.23.0)
    - Braintree/Core (= 5.23.0)
    - Braintree/PayPal (= 5.23.0)
  - Braintree/ApplePay (5.23.0):
    - Braintree/Core
  - Braintree/Card (5.23.0):
    - Braintree/Core
  - Braintree/Core (5.23.0)
  - Braintree/DataCollector (5.23.0):
    - Braintree/Core
  - Braintree/PaymentFlow (5.23.0):
    - Braintree/Core
    - Braintree/PayPalDataCollector
  - Braintree/PayPal (5.23.0):
    - Braintree/Core
    - Braintree/PayPalDataCollector
  - Braintree/PayPalDataCollector (5.23.0)
  - Braintree/ThreeDSecure (5.23.0):
    - Braintree/Card
    - Braintree/PaymentFlow
  - Braintree/UnionPay (5.23.0):
    - Braintree/Card
  - Braintree/Venmo (5.23.0):
    - Braintree/Core
  - BraintreeDropIn (9.10.0):
    - Braintree/ApplePay (~> 5.23)
    - Braintree/Card (~> 5.23)
    - Braintree/Core (~> 5.23)
    - Braintree/PayPal (~> 5.23)
    - Braintree/ThreeDSecure (~> 5.23)
    - Braintree/UnionPay (~> 5.23)
    - Braintree/Venmo (~> 5.23)
  - Flutter (1.0.0)
  - flutter_braintree (0.3.0):
    - Braintree (~> 5.23)
    - Braintree/DataCollector (~> 5.23)
    - Braintree/PayPal (~> 5.23)
    - BraintreeDropIn (~> 9.10)
    - Flutter

DEPENDENCIES:
  - Flutter (from `Flutter`)
  - flutter_braintree (from `.symlinks/plugins/flutter_braintree/ios`)

SPEC REPOS:
  trunk:
    - Braintree
    - BraintreeDropIn

EXTERNAL SOURCES:
  Flutter:
    :path: Flutter
  flutter_braintree:
    :path: ".symlinks/plugins/flutter_braintree/ios"

SPEC CHECKSUMS:
  Braintree: fcbdb324318cdf0562719c4d5629cdf71f29c220
  BraintreeDropIn: 7ddb54ed97170fe7ea42f20d9e36d9170b691699
  Flutter: f04841e97a9d0b0a8025694d0796dd46242b2854
  flutter_braintree: ffe8eef3c46d9cba0098db223f4da57f2207ab25

PODFILE CHECKSUM: b17e1ecfe97aba85f3997d462fe23d9e4313a8d8

COCOAPODS: 1.13.0
